
Microsoft Visual Studio Solution File, Format Version 12.00
# Visual Studio Version 17
VisualStudioVersion = 17.9.34701.34
MinimumVisualStudioVersion = 10.0.40219.1
Project("{FAE04EC0-301F-11D3-BF4B-00C04F79EFBC}") = "ListEx1.Android", "ListEx1.Android\ListEx1.Android.csproj", "{1E1EDB62-BEE3-4FA6-93F4-B4549CE58EBD}"
EndProject
Project("{FAE04EC0-301F-11D3-BF4B-00C04F79EFBC}") = "ListEx1.iOS", "ListEx1.iOS\ListEx1.iOS.csproj", "{36035EEB-F7D2-44FC-83D3-3BF3AD38C747}"
EndProject
Project("{FAE04EC0-301F-11D3-BF4B-00C04F79EFBC}") = "ListEx1", "ListEx1\ListEx1.csproj", "{6BA85C0E-53FB-4381-9FC5-45D2686B0C1C}"
EndProject
Global
	GlobalSection(SolutionConfigurationPlatforms) = preSolution
		Debug|Any CPU = Debug|Any CPU
		Debug|iPhone = Debug|iPhone
		Debug|iPhoneSimulator = Debug|iPhoneSimulator
		Release|Any CPU = Release|Any CPU
		Release|iPhone = Release|iPhone
		Release|iPhoneSimulator = Release|iPhoneSimulator
	EndGlobalSection
	GlobalSection(ProjectConfigurationPlatforms) = postSolution
		{1E1EDB62-BEE3-4FA6-93F4-B4549CE58EBD}.Debug|Any CPU.ActiveCfg = Debug|Any CPU
		{1E1EDB62-BEE3-4FA6-93F4-B4549CE58EBD}.Debug|Any CPU.Build.0 = Debug|Any CPU
		{1E1EDB62-BEE3-4FA6-93F4-B4549CE58EBD}.Debug|Any CPU.Deploy.0 = Debug|Any CPU
		{1E1EDB62-BEE3-4FA6-93F4-B4549CE58EBD}.Debug|iPhone.ActiveCfg = Debug|Any CPU
		{1E1EDB62-BEE3-4FA6-93F4-B4549CE58EBD}.Debug|iPhone.Build.0 = Debug|Any CPU
		{1E1EDB62-BEE3-4FA6-93F4-B4549CE58EBD}.Debug|iPhone.Deploy.0 = Debug|Any CPU
		{1E1EDB62-BEE3-4FA6-93F4-B4549CE58EBD}.Debug|iPhoneSimulator.ActiveCfg = Debug|Any CPU
		{1E1EDB62-BEE3-4FA6-93F4-B4549CE58EBD}.Debug|iPhoneSimulator.Build.0 = Debug|Any CPU
		{1E1EDB62-BEE3-4FA6-93F4-B4549CE58EBD}.Debug|iPhoneSimulator.Deploy.0 = Debug|Any CPU
		{1E1EDB62-BEE3-4FA6-93F4-B4549CE58EBD}.Release|Any CPU.ActiveCfg = Release|Any CPU
		{1E1EDB62-BEE3-4FA6-93F4-B4549CE58EBD}.Release|Any CPU.Build.0 = Release|Any CPU
		{1E1EDB62-BEE3-4FA6-93F4-B4549CE58EBD}.Release|Any CPU.Deploy.0 = Release|Any CPU
		{1E1EDB62-BEE3-4FA6-93F4-B4549CE58EBD}.Release|iPhone.ActiveCfg = Release|Any CPU
		{1E1EDB62-BEE3-4FA6-93F4-B4549CE58EBD}.Release|iPhone.Build.0 = Release|Any CPU
		{1E1EDB62-BEE3-4FA6-93F4-B4549CE58EBD}.Release|iPhone.Deploy.0 = Release|Any CPU
		{1E1EDB62-BEE3-4FA6-93F4-B4549CE58EBD}.Release|iPhoneSimulator.ActiveCfg = Release|Any CPU
		{1E1EDB62-BEE3-4FA6-93F4-B4549CE58EBD}.Release|iPhoneSimulator.Build.0 = Release|Any CPU
		{1E1EDB62-BEE3-4FA6-93F4-B4549CE58EBD}.Release|iPhoneSimulator.Deploy.0 = Release|Any CPU
		{36035EEB-F7D2-44FC-83D3-3BF3AD38C747}.Debug|Any CPU.ActiveCfg = Debug|iPhone
		{36035EEB-F7D2-44FC-83D3-3BF3AD38C747}.Debug|Any CPU.Build.0 = Debug|iPhone
		{36035EEB-F7D2-44FC-83D3-3BF3AD38C747}.Debug|Any CPU.Deploy.0 = Debug|iPhone
		{36035EEB-F7D2-44FC-83D3-3BF3AD38C747}.Debug|iPhone.ActiveCfg = Debug|iPhone
		{36035EEB-F7D2-44FC-83D3-3BF3AD38C747}.Debug|iPhone.Build.0 = Debug|iPhone
		{36035EEB-F7D2-44FC-83D3-3BF3AD38C747}.Debug|iPhone.Deploy.0 = Debug|iPhone
		{36035EEB-F7D2-44FC-83D3-3BF3AD38C747}.Debug|iPhoneSimulator.ActiveCfg = Debug|iPhoneSimulator
		{36035EEB-F7D2-44FC-83D3-3BF3AD38C747}.Debug|iPhoneSimulator.Build.0 = Debug|iPhoneSimulator
		{36035EEB-F7D2-44FC-83D3-3BF3AD38C747}.Debug|iPhoneSimulator.Deploy.0 = Debug|iPhoneSimulator
		{36035EEB-F7D2-44FC-83D3-3BF3AD38C747}.Release|Any CPU.ActiveCfg = Release|iPhoneSimulator
		{36035EEB-F7D2-44FC-83D3-3BF3AD38C747}.Release|Any CPU.Build.0 = Release|iPhoneSimulator
		{36035EEB-F7D2-44FC-83D3-3BF3AD38C747}.Release|Any CPU.Deploy.0 = Release|iPhoneSimulator
		{36035EEB-F7D2-44FC-83D3-3BF3AD38C747}.Release|iPhone.ActiveCfg = Release|iPhone
		{36035EEB-F7D2-44FC-83D3-3BF3AD38C747}.Release|iPhone.Build.0 = Release|iPhone
		{36035EEB-F7D2-44FC-83D3-3BF3AD38C747}.Release|iPhone.Deploy.0 = Release|iPhone
		{36035EEB-F7D2-44FC-83D3-3BF3AD38C747}.Release|iPhoneSimulator.ActiveCfg = Release|iPhoneSimulator
		{36035EEB-F7D2-44FC-83D3-3BF3AD38C747}.Release|iPhoneSimulator.Build.0 = Release|iPhoneSimulator
		{36035EEB-F7D2-44FC-83D3-3BF3AD38C747}.Release|iPhoneSimulator.Deploy.0 = Release|iPhoneSimulator
		{6BA85C0E-53FB-4381-9FC5-45D2686B0C1C}.Debug|Any CPU.ActiveCfg = Debug|Any CPU
		{6BA85C0E-53FB-4381-9FC5-45D2686B0C1C}.Debug|Any CPU.Build.0 = Debug|Any CPU
		{6BA85C0E-53FB-4381-9FC5-45D2686B0C1C}.Debug|Any CPU.Deploy.0 = Debug|Any CPU
		{6BA85C0E-53FB-4381-9FC5-45D2686B0C1C}.Debug|iPhone.ActiveCfg = Debug|Any CPU
		{6BA85C0E-53FB-4381-9FC5-45D2686B0C1C}.Debug|iPhone.Build.0 = Debug|Any CPU
		{6BA85C0E-53FB-4381-9FC5-45D2686B0C1C}.Debug|iPhone.Deploy.0 = Debug|Any CPU
		{6BA85C0E-53FB-4381-9FC5-45D2686B0C1C}.Debug|iPhoneSimulator.ActiveCfg = Debug|Any CPU
		{6BA85C0E-53FB-4381-9FC5-45D2686B0C1C}.Debug|iPhoneSimulator.Build.0 = Debug|Any CPU
		{6BA85C0E-53FB-4381-9FC5-45D2686B0C1C}.Debug|iPhoneSimulator.Deploy.0 = Debug|Any CPU
		{6BA85C0E-53FB-4381-9FC5-45D2686B0C1C}.Release|Any CPU.ActiveCfg = Release|Any CPU
		{6BA85C0E-53FB-4381-9FC5-45D2686B0C1C}.Release|Any CPU.Build.0 = Release|Any CPU
		{6BA85C0E-53FB-4381-9FC5-45D2686B0C1C}.Release|Any CPU.Deploy.0 = Release|Any CPU
		{6BA85C0E-53FB-4381-9FC5-45D2686B0C1C}.Release|iPhone.ActiveCfg = Release|Any CPU
		{6BA85C0E-53FB-4381-9FC5-45D2686B0C1C}.Release|iPhone.Build.0 = Release|Any CPU
		{6BA85C0E-53FB-4381-9FC5-45D2686B0C1C}.Release|iPhone.Deploy.0 = Release|Any CPU
		{6BA85C0E-53FB-4381-9FC5-45D2686B0C1C}.Release|iPhoneSimulator.ActiveCfg = Release|Any CPU
		{6BA85C0E-53FB-4381-9FC5-45D2686B0C1C}.Release|iPhoneSimulator.Build.0 = Release|Any CPU
		{6BA85C0E-53FB-4381-9FC5-45D2686B0C1C}.Release|iPhoneSimulator.Deploy.0 = Release|Any CPU
	EndGlobalSection
	GlobalSection(SolutionProperties) = preSolution
		HideSolutionNode = FALSE
	EndGlobalSection
	GlobalSection(ExtensibilityGlobals) = postSolution
		SolutionGuid = {AEB385B4-3A7B-4CE8-8AF9-68BDAB91AFA7}
	EndGlobalSection
EndGlobal
