
Microsoft Visual Studio Solution File, Format Version 12.00
# Visual Studio Version 17
VisualStudioVersion = 17.9.34701.34
MinimumVisualStudioVersion = 10.0.40219.1
Project("{FAE04EC0-301F-11D3-BF4B-00C04F79EFBC}") = "TableViewBasic.Android", "TableViewBasic.Android\TableViewBasic.Android.csproj", "{4F959BB2-7C14-45F0-9FA8-AEDB586947BD}"
EndProject
Project("{FAE04EC0-301F-11D3-BF4B-00C04F79EFBC}") = "TableViewBasic.iOS", "TableViewBasic.iOS\TableViewBasic.iOS.csproj", "{342FF5AD-1908-4C43-991A-80148D2C11CD}"
EndProject
Project("{FAE04EC0-301F-11D3-BF4B-00C04F79EFBC}") = "TableViewBasic", "TableViewBasic\TableViewBasic.csproj", "{FA95C55A-B988-4B3A-9271-26277E8C7799}"
EndProject
Global
	GlobalSection(SolutionConfigurationPlatforms) = preSolution
		Debug|Any CPU = Debug|Any CPU
		Debug|iPhone = Debug|iPhone
		Debug|iPhoneSimulator = Debug|iPhoneSimulator
		Release|Any CPU = Release|Any CPU
		Release|iPhone = Release|iPhone
		Release|iPhoneSimulator = Release|iPhoneSimulator
	EndGlobalSection
	GlobalSection(ProjectConfigurationPlatforms) = postSolution
		{4F959BB2-7C14-45F0-9FA8-AEDB586947BD}.Debug|Any CPU.ActiveCfg = Debug|Any CPU
		{4F959BB2-7C14-45F0-9FA8-AEDB586947BD}.Debug|Any CPU.Build.0 = Debug|Any CPU
		{4F959BB2-7C14-45F0-9FA8-AEDB586947BD}.Debug|Any CPU.Deploy.0 = Debug|Any CPU
		{4F959BB2-7C14-45F0-9FA8-AEDB586947BD}.Debug|iPhone.ActiveCfg = Debug|Any CPU
		{4F959BB2-7C14-45F0-9FA8-AEDB586947BD}.Debug|iPhone.Build.0 = Debug|Any CPU
		{4F959BB2-7C14-45F0-9FA8-AEDB586947BD}.Debug|iPhone.Deploy.0 = Debug|Any CPU
		{4F959BB2-7C14-45F0-9FA8-AEDB586947BD}.Debug|iPhoneSimulator.ActiveCfg = Debug|Any CPU
		{4F959BB2-7C14-45F0-9FA8-AEDB586947BD}.Debug|iPhoneSimulator.Build.0 = Debug|Any CPU
		{4F959BB2-7C14-45F0-9FA8-AEDB586947BD}.Debug|iPhoneSimulator.Deploy.0 = Debug|Any CPU
		{4F959BB2-7C14-45F0-9FA8-AEDB586947BD}.Release|Any CPU.ActiveCfg = Release|Any CPU
		{4F959BB2-7C14-45F0-9FA8-AEDB586947BD}.Release|Any CPU.Build.0 = Release|Any CPU
		{4F959BB2-7C14-45F0-9FA8-AEDB586947BD}.Release|Any CPU.Deploy.0 = Release|Any CPU
		{4F959BB2-7C14-45F0-9FA8-AEDB586947BD}.Release|iPhone.ActiveCfg = Release|Any CPU
		{4F959BB2-7C14-45F0-9FA8-AEDB586947BD}.Release|iPhone.Build.0 = Release|Any CPU
		{4F959BB2-7C14-45F0-9FA8-AEDB586947BD}.Release|iPhone.Deploy.0 = Release|Any CPU
		{4F959BB2-7C14-45F0-9FA8-AEDB586947BD}.Release|iPhoneSimulator.ActiveCfg = Release|Any CPU
		{4F959BB2-7C14-45F0-9FA8-AEDB586947BD}.Release|iPhoneSimulator.Build.0 = Release|Any CPU
		{4F959BB2-7C14-45F0-9FA8-AEDB586947BD}.Release|iPhoneSimulator.Deploy.0 = Release|Any CPU
		{342FF5AD-1908-4C43-991A-80148D2C11CD}.Debug|Any CPU.ActiveCfg = Debug|iPhone
		{342FF5AD-1908-4C43-991A-80148D2C11CD}.Debug|Any CPU.Build.0 = Debug|iPhone
		{342FF5AD-1908-4C43-991A-80148D2C11CD}.Debug|Any CPU.Deploy.0 = Debug|iPhone
		{342FF5AD-1908-4C43-991A-80148D2C11CD}.Debug|iPhone.ActiveCfg = Debug|iPhone
		{342FF5AD-1908-4C43-991A-80148D2C11CD}.Debug|iPhone.Build.0 = Debug|iPhone
		{342FF5AD-1908-4C43-991A-80148D2C11CD}.Debug|iPhone.Deploy.0 = Debug|iPhone
		{342FF5AD-1908-4C43-991A-80148D2C11CD}.Debug|iPhoneSimulator.ActiveCfg = Debug|iPhoneSimulator
		{342FF5AD-1908-4C43-991A-80148D2C11CD}.Debug|iPhoneSimulator.Build.0 = Debug|iPhoneSimulator
		{342FF5AD-1908-4C43-991A-80148D2C11CD}.Debug|iPhoneSimulator.Deploy.0 = Debug|iPhoneSimulator
		{342FF5AD-1908-4C43-991A-80148D2C11CD}.Release|Any CPU.ActiveCfg = Release|iPhoneSimulator
		{342FF5AD-1908-4C43-991A-80148D2C11CD}.Release|Any CPU.Build.0 = Release|iPhoneSimulator
		{342FF5AD-1908-4C43-991A-80148D2C11CD}.Release|Any CPU.Deploy.0 = Release|iPhoneSimulator
		{342FF5AD-1908-4C43-991A-80148D2C11CD}.Release|iPhone.ActiveCfg = Release|iPhone
		{342FF5AD-1908-4C43-991A-80148D2C11CD}.Release|iPhone.Build.0 = Release|iPhone
		{342FF5AD-1908-4C43-991A-80148D2C11CD}.Release|iPhone.Deploy.0 = Release|iPhone
		{342FF5AD-1908-4C43-991A-80148D2C11CD}.Release|iPhoneSimulator.ActiveCfg = Release|iPhoneSimulator
		{342FF5AD-1908-4C43-991A-80148D2C11CD}.Release|iPhoneSimulator.Build.0 = Release|iPhoneSimulator
		{342FF5AD-1908-4C43-991A-80148D2C11CD}.Release|iPhoneSimulator.Deploy.0 = Release|iPhoneSimulator
		{FA95C55A-B988-4B3A-9271-26277E8C7799}.Debug|Any CPU.ActiveCfg = Debug|Any CPU
		{FA95C55A-B988-4B3A-9271-26277E8C7799}.Debug|Any CPU.Build.0 = Debug|Any CPU
		{FA95C55A-B988-4B3A-9271-26277E8C7799}.Debug|Any CPU.Deploy.0 = Debug|Any CPU
		{FA95C55A-B988-4B3A-9271-26277E8C7799}.Debug|iPhone.ActiveCfg = Debug|Any CPU
		{FA95C55A-B988-4B3A-9271-26277E8C7799}.Debug|iPhone.Build.0 = Debug|Any CPU
		{FA95C55A-B988-4B3A-9271-26277E8C7799}.Debug|iPhone.Deploy.0 = Debug|Any CPU
		{FA95C55A-B988-4B3A-9271-26277E8C7799}.Debug|iPhoneSimulator.ActiveCfg = Debug|Any CPU
		{FA95C55A-B988-4B3A-9271-26277E8C7799}.Debug|iPhoneSimulator.Build.0 = Debug|Any CPU
		{FA95C55A-B988-4B3A-9271-26277E8C7799}.Debug|iPhoneSimulator.Deploy.0 = Debug|Any CPU
		{FA95C55A-B988-4B3A-9271-26277E8C7799}.Release|Any CPU.ActiveCfg = Release|Any CPU
		{FA95C55A-B988-4B3A-9271-26277E8C7799}.Release|Any CPU.Build.0 = Release|Any CPU
		{FA95C55A-B988-4B3A-9271-26277E8C7799}.Release|Any CPU.Deploy.0 = Release|Any CPU
		{FA95C55A-B988-4B3A-9271-26277E8C7799}.Release|iPhone.ActiveCfg = Release|Any CPU
		{FA95C55A-B988-4B3A-9271-26277E8C7799}.Release|iPhone.Build.0 = Release|Any CPU
		{FA95C55A-B988-4B3A-9271-26277E8C7799}.Release|iPhone.Deploy.0 = Release|Any CPU
		{FA95C55A-B988-4B3A-9271-26277E8C7799}.Release|iPhoneSimulator.ActiveCfg = Release|Any CPU
		{FA95C55A-B988-4B3A-9271-26277E8C7799}.Release|iPhoneSimulator.Build.0 = Release|Any CPU
		{FA95C55A-B988-4B3A-9271-26277E8C7799}.Release|iPhoneSimulator.Deploy.0 = Release|Any CPU
	EndGlobalSection
	GlobalSection(SolutionProperties) = preSolution
		HideSolutionNode = FALSE
	EndGlobalSection
	GlobalSection(ExtensibilityGlobals) = postSolution
		SolutionGuid = {ABF9D3B7-EE75-4956-84CB-4F9C40D03B63}
	EndGlobalSection
EndGlobal
